<?xml version="1.0" encoding="utf-8"?>
<Project ToolsVersion="4.0" xmlns="http://schemas.microsoft.com/developer/msbuild/2003">
  <ItemGroup>
    <Filter Include="ソース ファイル">
      <UniqueIdentifier>{4FC737F1-C7A5-4376-A066-2A32D752A2FF}</UniqueIdentifier>
      <Extensions>cpp;c;cc;cxx;c++;cppm;ixx;def;odl;idl;hpj;bat;asm;asmx</Extensions>
    </Filter>
    <Filter Include="ヘッダー ファイル">
      <UniqueIdentifier>{93995380-89BD-4b04-88EB-625FBE52EBFB}</UniqueIdentifier>
      <Extensions>h;hh;hpp;hxx;h++;hm;inl;inc;ipp;xsd</Extensions>
    </Filter>
    <Filter Include="リソース ファイル">
      <UniqueIdentifier>{67DA6AB6-F800-4c08-8B7A-83BB121AAD01}</UniqueIdentifier>
      <Extensions>rc;ico;cur;bmp;dlg;rc2;rct;bin;rgs;gif;jpg;jpeg;jpe;resx;tiff;tif;png;wav;mfcribbon-ms</Extensions>
    </Filter>
    <Filter Include="Math">
      <UniqueIdentifier>{26d95407-6e73-4f72-a25e-f3019986bb7d}</UniqueIdentifier>
    </Filter>
    <Filter Include="Kadai">
      <UniqueIdentifier>{1f6650b8-6616-48e3-9c22-19ac52ac714c}</UniqueIdentifier>
    </Filter>
    <Filter Include="Kadai\0101">
      <UniqueIdentifier>{1af86ec0-eddb-4efe-8289-7118712ba3f2}</UniqueIdentifier>
    </Filter>
    <Filter Include="Kadai\Factory">
      <UniqueIdentifier>{17d8bcd0-a0f9-4a38-8afb-17f3e1eb0531}</UniqueIdentifier>
    </Filter>
    <Filter Include="Kadai\ErrorPage">
      <UniqueIdentifier>{6574f4ee-2afa-4c08-ae71-222898894b77}</UniqueIdentifier>
    </Filter>
    <Filter Include="Kadai\0102">
      <UniqueIdentifier>{4b466550-a79f-414a-88f8-8e22c62a14c8}</UniqueIdentifier>
    </Filter>
    <Filter Include="Kadai\0103">
      <UniqueIdentifier>{d984ca3a-ee17-4c04-bc6d-99c4e82a7921}</UniqueIdentifier>
    </Filter>
    <Filter Include="Helper">
      <UniqueIdentifier>{93b1d301-a46c-4175-b59d-5dec70682bbf}</UniqueIdentifier>
    </Filter>
    <Filter Include="Kadai\0104">
      <UniqueIdentifier>{a50efe17-0a2c-4817-a37a-4a70f116457a}</UniqueIdentifier>
    </Filter>
  </ItemGroup>
  <ItemGroup>
    <ClCompile Include="MT4.cpp">
      <Filter>ソース ファイル</Filter>
    </ClCompile>
    <ClCompile Include="Kadai\Factory\KadaiFactory.cpp">
      <Filter>Kadai\Factory</Filter>
    </ClCompile>
    <ClCompile Include="Kadai\0101\Kadai_0101.cpp">
      <Filter>Kadai\0101</Filter>
    </ClCompile>
    <ClCompile Include="Kadai\ErrorPage\Kadai_ErrorPage.cpp">
      <Filter>Kadai\ErrorPage</Filter>
    </ClCompile>
    <ClCompile Include="Kadai\0102\Kadai_0102.cpp">
      <Filter>Kadai\0102</Filter>
    </ClCompile>
    <ClCompile Include="Kadai\0103\Kadai_0103.cpp">
      <Filter>Kadai\0103</Filter>
    </ClCompile>
    <ClCompile Include="Helper\PrintHelper.cpp">
      <Filter>Helper</Filter>
    </ClCompile>
    <ClCompile Include="Kadai\0104\Kadai_0104.cpp">
      <Filter>ソース ファイル</Filter>
    </ClCompile>
  </ItemGroup>
  <ItemGroup>
    <ClInclude Include="Kadai\0101\Kadai_0101.h">
      <Filter>Kadai\0101</Filter>
    </ClInclude>
    <ClInclude Include="Kadai\IKadai.h">
      <Filter>Kadai</Filter>
    </ClInclude>
    <ClInclude Include="Kadai\Factory\KadaiFactory.h">
      <Filter>Kadai\Factory</Filter>
    </ClInclude>
    <ClInclude Include="Kadai\ErrorPage\Kadai_ErrorPage.h">
      <Filter>Kadai\ErrorPage</Filter>
    </ClInclude>
    <ClInclude Include="Kadai\0102\Kadai_0102.h">
      <Filter>Kadai\0102</Filter>
    </ClInclude>
    <ClInclude Include="Kadai\0103\Kadai_0103.h">
      <Filter>Kadai\0103</Filter>
    </ClInclude>
    <ClInclude Include="Helper\PrintHelper.h">
      <Filter>Helper</Filter>
    </ClInclude>
    <ClInclude Include="Kadai\0104\Kadai_0104.h">
      <Filter>Kadai\0104</Filter>
    </ClInclude>
  </ItemGroup>
</Project>